
Microsoft Visual Studio Solution File, Format Version 12.00
# Visual Studio Version 17
VisualStudioVersion = 17.4.33403.182
MinimumVisualStudioVersion = 10.0.40219.1
Project("{FAE04EC0-301F-11D3-BF4B-00C04F79EFBC}") = "Popsy.WebApi", "Popsy.WebApi\Popsy.WebApi.csproj", "{AC975937-84D0-4152-99E0-1F988F85088A}"
EndProject
Project("{FAE04EC0-301F-11D3-BF4B-00C04F79EFBC}") = "Popsy.Application", "Popsy.Application\Popsy.Application.csproj", "{214EC387-FD53-4EF5-A2E8-012080EE267B}"
EndProject
Project("{FAE04EC0-301F-11D3-BF4B-00C04F79EFBC}") = "Popsy.DataAccess", "Popsy.DataAccess\Popsy.DataAccess.csproj", "{297CA089-ED9C-4625-BAB4-4C905AD3BE2B}"
EndProject
Project("{FAE04EC0-301F-11D3-BF4B-00C04F79EFBC}") = "Popsy.Integration", "Popsy.Integration\Popsy.Integration.csproj", "{522B2A57-DF04-4935-A1F8-82D05FFD378C}"
EndProject
Project("{FAE04EC0-301F-11D3-BF4B-00C04F79EFBC}") = "Popsy.Common", "Popsy.Common\Popsy.Common.csproj", "{D6C6963A-F772-4661-853A-EC94819C0343}"
EndProject
Project("{FAE04EC0-301F-11D3-BF4B-00C04F79EFBC}") = "Popsy.Application.Abstractions", "Popsy.Application.Abstractions\Popsy.Application.Abstractions.csproj", "{21145E50-732F-4A82-A9F3-FF5AB9C5C5A4}"
EndProject
Project("{FAE04EC0-301F-11D3-BF4B-00C04F79EFBC}") = "Popsy.DataAccess.Abstractions", "Popsy.DataAccess.Abstractions\Popsy.DataAccess.Abstractions.csproj", "{12A8BE48-5B74-4C3C-87DE-129AEFB8A383}"
EndProject
Project("{FAE04EC0-301F-11D3-BF4B-00C04F79EFBC}") = "Popsy.Integration.Abstractions", "Popsy.Integration.Abstractions\Popsy.Integration.Abstractions.csproj", "{A74E1786-423D-4614-8046-727E0F293A35}"
EndProject
Global
	GlobalSection(SolutionConfigurationPlatforms) = preSolution
		Debug|Any CPU = Debug|Any CPU
		Release|Any CPU = Release|Any CPU
	EndGlobalSection
	GlobalSection(ProjectConfigurationPlatforms) = postSolution
		{AC975937-84D0-4152-99E0-1F988F85088A}.Debug|Any CPU.ActiveCfg = Debug|Any CPU
		{AC975937-84D0-4152-99E0-1F988F85088A}.Debug|Any CPU.Build.0 = Debug|Any CPU
		{AC975937-84D0-4152-99E0-1F988F85088A}.Release|Any CPU.ActiveCfg = Release|Any CPU
		{AC975937-84D0-4152-99E0-1F988F85088A}.Release|Any CPU.Build.0 = Release|Any CPU
		{214EC387-FD53-4EF5-A2E8-012080EE267B}.Debug|Any CPU.ActiveCfg = Debug|Any CPU
		{214EC387-FD53-4EF5-A2E8-012080EE267B}.Debug|Any CPU.Build.0 = Debug|Any CPU
		{214EC387-FD53-4EF5-A2E8-012080EE267B}.Release|Any CPU.ActiveCfg = Release|Any CPU
		{214EC387-FD53-4EF5-A2E8-012080EE267B}.Release|Any CPU.Build.0 = Release|Any CPU
		{297CA089-ED9C-4625-BAB4-4C905AD3BE2B}.Debug|Any CPU.ActiveCfg = Debug|Any CPU
		{297CA089-ED9C-4625-BAB4-4C905AD3BE2B}.Debug|Any CPU.Build.0 = Debug|Any CPU
		{297CA089-ED9C-4625-BAB4-4C905AD3BE2B}.Release|Any CPU.ActiveCfg = Release|Any CPU
		{297CA089-ED9C-4625-BAB4-4C905AD3BE2B}.Release|Any CPU.Build.0 = Release|Any CPU
		{522B2A57-DF04-4935-A1F8-82D05FFD378C}.Debug|Any CPU.ActiveCfg = Debug|Any CPU
		{522B2A57-DF04-4935-A1F8-82D05FFD378C}.Debug|Any CPU.Build.0 = Debug|Any CPU
		{522B2A57-DF04-4935-A1F8-82D05FFD378C}.Release|Any CPU.ActiveCfg = Release|Any CPU
		{522B2A57-DF04-4935-A1F8-82D05FFD378C}.Release|Any CPU.Build.0 = Release|Any CPU
		{D6C6963A-F772-4661-853A-EC94819C0343}.Debug|Any CPU.ActiveCfg = Debug|Any CPU
		{D6C6963A-F772-4661-853A-EC94819C0343}.Debug|Any CPU.Build.0 = Debug|Any CPU
		{D6C6963A-F772-4661-853A-EC94819C0343}.Release|Any CPU.ActiveCfg = Release|Any CPU
		{D6C6963A-F772-4661-853A-EC94819C0343}.Release|Any CPU.Build.0 = Release|Any CPU
		{21145E50-732F-4A82-A9F3-FF5AB9C5C5A4}.Debug|Any CPU.ActiveCfg = Debug|Any CPU
		{21145E50-732F-4A82-A9F3-FF5AB9C5C5A4}.Debug|Any CPU.Build.0 = Debug|Any CPU
		{21145E50-732F-4A82-A9F3-FF5AB9C5C5A4}.Release|Any CPU.ActiveCfg = Release|Any CPU
		{21145E50-732F-4A82-A9F3-FF5AB9C5C5A4}.Release|Any CPU.Build.0 = Release|Any CPU
		{12A8BE48-5B74-4C3C-87DE-129AEFB8A383}.Debug|Any CPU.ActiveCfg = Debug|Any CPU
		{12A8BE48-5B74-4C3C-87DE-129AEFB8A383}.Debug|Any CPU.Build.0 = Debug|Any CPU
		{12A8BE48-5B74-4C3C-87DE-129AEFB8A383}.Release|Any CPU.ActiveCfg = Release|Any CPU
		{12A8BE48-5B74-4C3C-87DE-129AEFB8A383}.Release|Any CPU.Build.0 = Release|Any CPU
		{A74E1786-423D-4614-8046-727E0F293A35}.Debug|Any CPU.ActiveCfg = Debug|Any CPU
		{A74E1786-423D-4614-8046-727E0F293A35}.Debug|Any CPU.Build.0 = Debug|Any CPU
		{A74E1786-423D-4614-8046-727E0F293A35}.Release|Any CPU.ActiveCfg = Release|Any CPU
		{A74E1786-423D-4614-8046-727E0F293A35}.Release|Any CPU.Build.0 = Release|Any CPU
	EndGlobalSection
	GlobalSection(SolutionProperties) = preSolution
		HideSolutionNode = FALSE
	EndGlobalSection
	GlobalSection(ExtensibilityGlobals) = postSolution
		SolutionGuid = {F3AE5C5B-F287-48D7-81F7-072BB0EDA36E}
	EndGlobalSection
EndGlobal
